
Microsoft Visual Studio Solution File, Format Version 12.00
# Visual Studio 15
VisualStudioVersion = 15.0.28307.421
MinimumVisualStudioVersion = 10.0.40219.1
Project("{FAE04EC0-301F-11D3-BF4B-00C04F79EFBC}") = "NTT.Backend.API", "NTT.Backend.API\NTT.Backend.API.csproj", "{90A77731-B44F-49DC-BF07-F4E9E22440E3}"
EndProject
Global
	GlobalSection(SolutionConfigurationPlatforms) = preSolution
		Debug|Any CPU = Debug|Any CPU
		Release|Any CPU = Release|Any CPU
	EndGlobalSection
	GlobalSection(ProjectConfigurationPlatforms) = postSolution
		{90A77731-B44F-49DC-BF07-F4E9E22440E3}.Debug|Any CPU.ActiveCfg = Debug|Any CPU
		{90A77731-B44F-49DC-BF07-F4E9E22440E3}.Debug|Any CPU.Build.0 = Debug|Any CPU
		{90A77731-B44F-49DC-BF07-F4E9E22440E3}.Release|Any CPU.ActiveCfg = Release|Any CPU
		{90A77731-B44F-49DC-BF07-F4E9E22440E3}.Release|Any CPU.Build.0 = Release|Any CPU
	EndGlobalSection
	GlobalSection(SolutionProperties) = preSolution
		HideSolutionNode = FALSE
	EndGlobalSection
	GlobalSection(ExtensibilityGlobals) = postSolution
		SolutionGuid = {98BAA7F1-A1C1-48FB-AB74-670491B2FD71}
	EndGlobalSection
EndGlobal
